PODS:
  - CocoaLumberjack (1.9.2):
    - CocoaLumberjack/Extensions
  - CocoaLumberjack/Core (1.9.2)
  - CocoaLumberjack/Extensions (1.9.2):
    - CocoaLumberjack/Core
  - Kiwi (2.3.1)
  - TFLogger (1.0.0):
    - TFLogger/CocoaLumberjackHandler
    - TFLogger/Core
    - TFLogger/NSLogVisualFormat
  - TFLogger/CocoaLumberjackHandler (1.0.0):
    - CocoaLumberjack (~> 1.9)
    - TFLogger/Core
  - TFLogger/Core (1.0.0)
  - TFLogger/NSLogVisualFormat (1.0.0):
    - TFLogger/Core

DEPENDENCIES:
  - Kiwi
  - TFLogger (from `../`)
  - TFLogger (from `../TFLogger.podspec`)

EXTERNAL SOURCES:
  TFLogger:
    :path: ../

SPEC CHECKSUMS:
  CocoaLumberjack: 205769c032b5fef85b92472046bcc8b7e7c8a817
  Kiwi: 73e1400209055ee9c8ba78c6012b6b642d0fb9f7
  TFLogger: 1c44846c30e96f07d08bb75bc032077da3fc7bbf

COCOAPODS: 0.34.4
